
Microsoft Visual Studio Solution File, Format Version 12.00
# Visual Studio Version 17
VisualStudioVersion = 17.4.33110.190
MinimumVisualStudioVersion = 10.0.40219.1
Project("{9A19103F-16F7-4668-BE54-9A1E7A4F7556}") = "GrownOver.Infrastructure", "GrownOver.Infrastructure\GrownOver.Infrastructure.csproj", "{9BF7A9CB-341B-449B-B7DF-D42C9E010217}"
EndProject
Project("{9A19103F-16F7-4668-BE54-9A1E7A4F7556}") = "GrownOver.Application", "GrownOver.Application\GrownOver.Application.csproj", "{1D871742-4EE3-4F55-9A1D-561A052EBCF3}"
EndProject
Project("{9A19103F-16F7-4668-BE54-9A1E7A4F7556}") = "GrownOver.Contracts", "GrownOver.Contracts\GrownOver.Contracts.csproj", "{F9E1E0DA-6499-4707-8855-566CED5F2F5F}"
EndProject
Project("{9A19103F-16F7-4668-BE54-9A1E7A4F7556}") = "GrownOver.Domain", "GrownOver.Domain\GrownOver.Domain.csproj", "{BD4133C3-C16F-4570-B4DD-42B222D47558}"
EndProject
Project("{9A19103F-16F7-4668-BE54-9A1E7A4F7556}") = "GrownOver.WebApi", "GrownOver.WebApi\GrownOver.WebApi.csproj", "{62BAB231-CCE6-40F9-ADDF-1FDF9A3468E6}"
EndProject
Global
	GlobalSection(SolutionConfigurationPlatforms) = preSolution
		Debug|Any CPU = Debug|Any CPU
		Release|Any CPU = Release|Any CPU
	EndGlobalSection
	GlobalSection(ProjectConfigurationPlatforms) = postSolution
		{9BF7A9CB-341B-449B-B7DF-D42C9E010217}.Debug|Any CPU.ActiveCfg = Debug|Any CPU
		{9BF7A9CB-341B-449B-B7DF-D42C9E010217}.Release|Any CPU.ActiveCfg = Release|Any CPU
		{9BF7A9CB-341B-449B-B7DF-D42C9E010217}.Release|Any CPU.Build.0 = Release|Any CPU
		{1D871742-4EE3-4F55-9A1D-561A052EBCF3}.Debug|Any CPU.ActiveCfg = Debug|Any CPU
		{1D871742-4EE3-4F55-9A1D-561A052EBCF3}.Release|Any CPU.ActiveCfg = Release|Any CPU
		{1D871742-4EE3-4F55-9A1D-561A052EBCF3}.Release|Any CPU.Build.0 = Release|Any CPU
		{F9E1E0DA-6499-4707-8855-566CED5F2F5F}.Debug|Any CPU.ActiveCfg = Debug|Any CPU
		{F9E1E0DA-6499-4707-8855-566CED5F2F5F}.Release|Any CPU.ActiveCfg = Release|Any CPU
		{F9E1E0DA-6499-4707-8855-566CED5F2F5F}.Release|Any CPU.Build.0 = Release|Any CPU
		{BD4133C3-C16F-4570-B4DD-42B222D47558}.Debug|Any CPU.ActiveCfg = Debug|Any CPU
		{BD4133C3-C16F-4570-B4DD-42B222D47558}.Release|Any CPU.ActiveCfg = Release|Any CPU
		{BD4133C3-C16F-4570-B4DD-42B222D47558}.Release|Any CPU.Build.0 = Release|Any CPU
		{62BAB231-CCE6-40F9-ADDF-1FDF9A3468E6}.Debug|Any CPU.ActiveCfg = Debug|Any CPU
		{62BAB231-CCE6-40F9-ADDF-1FDF9A3468E6}.Debug|Any CPU.Build.0 = Debug|Any CPU
		{62BAB231-CCE6-40F9-ADDF-1FDF9A3468E6}.Release|Any CPU.ActiveCfg = Release|Any CPU
		{62BAB231-CCE6-40F9-ADDF-1FDF9A3468E6}.Release|Any CPU.Build.0 = Release|Any CPU
	EndGlobalSection
	GlobalSection(SolutionProperties) = preSolution
		HideSolutionNode = FALSE
	EndGlobalSection
	GlobalSection(ExtensibilityGlobals) = postSolution
		SolutionGuid = {4550CE1E-0313-4E39-94A9-DBA1088AA8D4}
	EndGlobalSection
EndGlobal
